// !$*UTF8*$!
{
	archiveVersion = 1;
	classes = {
	};
	objectVersion = 48;
	objects = {

/* Begin PBXBuildFile section */
		0491F9F71FD03D4E00CF0B56 /* AppDelegate.swift in Sources */ = {isa = PBXBuildFile; fileRef = 0491F9F61FD03D4E00CF0B56 /* AppDelegate.swift */; };
		0491F9F91FD03D4E00CF0B56 /* ViewController.swift in Sources */ = {isa = PBXBuildFile; fileRef = 0491F9F81FD03D4E00CF0B56 /* ViewController.swift */; };
		0491F9FC1FD03D4E00CF0B56 /* Main.storyboard in Resources */ = {isa = PBXBuildFile; fileRef = 0491F9FA1FD03D4E00CF0B56 /* Main.storyboard */; };
		0491F9FF1FD03D4E00CF0B56 /* CBPolygonView.xcdatamodeld in Sources */ = {isa = PBXBuildFile; fileRef = 0491F9FD1FD03D4E00CF0B56 /* CBPolygonView.xcdatamodeld */; };
		0491FA011FD03D4E00CF0B56 /* Assets.xcassets in Resources */ = {isa = PBXBuildFile; fileRef = 0491FA001FD03D4E00CF0B56 /* Assets.xcassets */; };
		0491FA041FD03D4E00CF0B56 /* LaunchScreen.storyboard in Resources */ = {isa = PBXBuildFile; fileRef = 0491FA021FD03D4E00CF0B56 /* LaunchScreen.storyboard */; };
		0491FA0C1FD03D8600CF0B56 /* CBPolygonView.swift in Sources */ = {isa = PBXBuildFile; fileRef = 0491FA0B1FD03D8600CF0B56 /* CBPolygonView.swift */; };
/* End PBXBuildFile section */

/* Begin PBXFileReference section */
		0491F9F31FD03D4E00CF0B56 /* CBPolygonView.app */ = {isa = PBXFileReference; explicitFileType = wrapper.application; includeInIndex = 0; path = CBPolygonView.app; sourceTree = BUILT_PRODUCTS_DIR; };
		0491F9F61FD03D4E00CF0B56 /* AppDelegate.swift */ = {isa = PBXFileReference; lastKnownFileType = sourcecode.swift; path = AppDelegate.swift; sourceTree = "<group>"; };
		0491F9F81FD03D4E00CF0B56 /* ViewController.swift */ = {isa = PBXFileReference; lastKnownFileType = sourcecode.swift; path = ViewController.swift; sourceTree = "<group>"; };
		0491F9FB1FD03D4E00CF0B56 /* Base */ = {isa = PBXFileReference; lastKnownFileType = file.storyboard; name = Base; path = Base.lproj/Main.storyboard; sourceTree = "<group>"; };
		0491F9FE1FD03D4E00CF0B56 /* CBPolygonView.xcdatamodel */ = {isa = PBXFileReference; lastKnownFileType = wrapper.xcdatamodel; path = CBPolygonView.xcdatamodel; sourceTree = "<group>"; };
		0491FA001FD03D4E00CF0B56 /* Assets.xcassets */ = {isa = PBXFileReference; lastKnownFileType = folder.assetcatalog; path = Assets.xcassets; sourceTree = "<group>"; };
		0491FA031FD03D4E00CF0B56 /* Base */ = {isa = PBXFileReference; lastKnownFileType = file.storyboard; name = Base; path = Base.lproj/LaunchScreen.storyboard; sourceTree = "<group>"; };
		0491FA051FD03D4E00CF0B56 /* Info.plist */ = {isa = PBXFileReference; lastKnownFileType = text.plist.xml; path = Info.plist; sourceTree = "<group>"; };
		0491FA0B1FD03D8600CF0B56 /* CBPolygonView.swift */ = {isa = PBXFileReference; fileEncoding = 4; lastKnownFileType = sourcecode.swift; path = CBPolygonView.swift; sourceTree = "<group>"; };
/* End PBXFileReference section */

/* Begin PBXFrameworksBuildPhase section */
		0491F9F01FD03D4E00CF0B56 /* Frameworks */ = {
			isa = PBXFrameworksBuildPhase;
			buildActionMask = 2147483647;
			files = (
			);
			runOnlyForDeploymentPostprocessing = 0;
		};
/* End PBXFrameworksBuildPhase section */

/* Begin PBXGroup section */
		0491F9EA1FD03D4E00CF0B56 = {
			isa = PBXGroup;
			children = (
				0491F9F51FD03D4E00CF0B56 /* CBPolygonView */,
				0491F9F41FD03D4E00CF0B56 /* Products */,
			);
			sourceTree = "<group>";
		};
		0491F9F41FD03D4E00CF0B56 /* Products */ = {
			isa = PBXGroup;
			children = (
				0491F9F31FD03D4E00CF0B56 /* CBPolygonView.app */,
			);
			name = Products;
			sourceTree = "<group>";
		};
		0491F9F51FD03D4E00CF0B56 /* CBPolygonView */ = {
			isa = PBXGroup;
			children = (
				0491F9F61FD03D4E00CF0B56 /* AppDelegate.swift */,
				0491F9F81FD03D4E00CF0B56 /* ViewController.swift */,
				0491FA0B1FD03D8600CF0B56 /* CBPolygonView.swift */,
				0491F9FA1FD03D4E00CF0B56 /* Main.storyboard */,
				0491FA001FD03D4E00CF0B56 /* Assets.xcassets */,
				0491FA021FD03D4E00CF0B56 /* LaunchScreen.storyboard */,
				0491FA051FD03D4E00CF0B56 /* Info.plist */,
				0491F9FD1FD03D4E00CF0B56 /* CBPolygonView.xcdatamodeld */,
			);
			path = CBPolygonView;
			sourceTree = "<group>";
		};
/* End PBXGroup section */

/* Begin PBXNativeTarget section */
		0491F9F21FD03D4E00CF0B56 /* CBPolygonView */ = {
			isa = PBXNativeTarget;
			buildConfigurationList = 0491FA081FD03D4E00CF0B56 /* Build configuration list for PBXNativeTarget "CBPolygonView" */;
			buildPhases = (
				0491F9EF1FD03D4E00CF0B56 /* Sources */,
				0491F9F01FD03D4E00CF0B56 /* Frameworks */,
				0491F9F11FD03D4E00CF0B56 /* Resources */,
			);
			buildRules = (
			);
			dependencies = (
			);
			name = CBPolygonView;
			productName = CBPolygonView;
			productReference = 0491F9F31FD03D4E00CF0B56 /* CBPolygonView.app */;
			productType = "com.apple.product-type.application";
		};
/* End PBXNativeTarget section */

/* Begin PBXProject section */
		0491F9EB1FD03D4E00CF0B56 /* Project object */ = {
			isa = PBXProject;
			attributes = {
				LastSwiftUpdateCheck = 0910;
				LastUpgradeCheck = 0910;
				ORGANIZATIONNAME = "小黑屋";
				TargetAttributes = {
					0491F9F21FD03D4E00CF0B56 = {
						CreatedOnToolsVersion = 9.1;
						ProvisioningStyle = Automatic;
					};
				};
			};
			buildConfigurationList = 0491F9EE1FD03D4E00CF0B56 /* Build configuration list for PBXProject "CBPolygonView" */;
			compatibilityVersion = "Xcode 8.0";
			developmentRegion = en;
			hasScannedForEncodings = 0;
			knownRegions = (
				en,
				Base,
			);
			mainGroup = 0491F9EA1FD03D4E00CF0B56;
			productRefGroup = 0491F9F41FD03D4E00CF0B56 /* Products */;
			projectDirPath = "";
			projectRoot = "";
			targets = (
				0491F9F21FD03D4E00CF0B56 /* CBPolygonView */,
			);
		};
/* End PBXProject section */

/* Begin PBXResourcesBuildPhase section */
		0491F9F11FD03D4E00CF0B56 /* Resources */ = {
			isa = PBXResourcesBuildPhase;
			buildActionMask = 2147483647;
			files = (
				0491FA041FD03D4E00CF0B56 /* LaunchScreen.storyboard in Resources */,
				0491FA011FD03D4E00CF0B56 /* Assets.xcassets in Resources */,
				0491F9FC1FD03D4E00CF0B56 /* Main.storyboard in Resources */,
			);
			runOnlyForDeploymentPostprocessing = 0;
		};
/* End PBXResourcesBuildPhase section */

/* Begin PBXSourcesBuildPhase section */
		0491F9EF1FD03D4E00CF0B56 /* Sources */ = {
			isa = PBXSourcesBuildPhase;
			buildActionMask = 2147483647;
			files = (
				0491F9FF1FD03D4E00CF0B56 /* CBPolygonView.xcdatamodeld in Sources */,
				0491F9F91FD03D4E00CF0B56 /* ViewController.swift in Sources */,
				0491FA0C1FD03D8600CF0B56 /* CBPolygonView.swift in Sources */,
				0491F9F71FD03D4E00CF0B56 /* AppDelegate.swift in Sources */,
			);
			runOnlyForDeploymentPostprocessing = 0;
		};
/* End PBXSourcesBuildPhase section */

/* Begin PBXVariantGroup section */
		0491F9FA1FD03D4E00CF0B56 /* Main.storyboard */ = {
			isa = PBXVariantGroup;
			children = (
				0491F9FB1FD03D4E00CF0B56 /* Base */,
			);
			name = Main.storyboard;
			sourceTree = "<group>";
		};
		0491FA021FD03D4E00CF0B56 /* LaunchScreen.storyboard */ = {
			isa = PBXVariantGroup;
			children = (
				0491FA031FD03D4E00CF0B56 /* Base */,
			);
			name = LaunchScreen.storyboard;
			sourceTree = "<group>";
		};
/* End PBXVariantGroup section */

/* Begin XCBuildConfiguration section */
		0491FA061FD03D4E00CF0B56 /* Debug */ = {
			isa = XCBuildConfiguration;
			buildSettings = {
				ALWAYS_SEARCH_USER_PATHS = NO;
				CLANG_ANALYZER_NONNULL = YES;
				CLANG_ANALYZER_NUMBER_OBJECT_CONVERSION = YES_AGGRESSIVE;
				CLANG_CXX_LANGUAGE_STANDARD = "gnu++14";
				CLANG_CXX_LIBRARY = "libc++";
				CLANG_ENABLE_MODULES = YES;
				CLANG_ENABLE_OBJC_ARC = YES;
				CLANG_WARN_BLOCK_CAPTURE_AUTORELEASING = YES;
				CLANG_WARN_BOOL_CONVERSION = YES;
				CLANG_WARN_COMMA = YES;
				CLANG_WARN_CONSTANT_CONVERSION = YES;
				CLANG_WARN_DIRECT_OBJC_ISA_USAGE = YES_ERROR;
				CLANG_WARN_DOCUMENTATION_COMMENTS = YES;
				CLANG_WARN_EMPTY_BODY = YES;
				CLANG_WARN_ENUM_CONVERSION = YES;
				CLANG_WARN_INFINITE_RECURSION = YES;
				CLANG_WARN_INT_CONVERSION = YES;
				CLANG_WARN_NON_LITERAL_NULL_CONVERSION = YES;
				CLANG_WARN_OBJC_LITERAL_CONVERSION = YES;
				CLANG_WARN_OBJC_ROOT_CLASS = YES_ERROR;
				CLANG_WARN_RANGE_LOOP_ANALYSIS = YES;
				CLANG_WARN_STRICT_PROTOTYPES = YES;
				CLANG_WARN_SUSPICIOUS_MOVE = YES;
				CLANG_WARN_UNGUARDED_AVAILABILITY = YES_AGGRESSIVE;
				CLANG_WARN_UNREACHABLE_CODE = YES;
				CLANG_WARN__DUPLICATE_METHOD_MATCH = YES;
				CODE_SIGN_IDENTITY = "iPhone Developer";
				COPY_PHASE_STRIP = NO;
				DEBUG_INFORMATION_FORMAT = dwarf;
				ENABLE_STRICT_OBJC_MSGSEND = YES;
				ENABLE_TESTABILITY = YES;
				GCC_C_LANGUAGE_STANDARD = gnu11;
				GCC_DYNAMIC_NO_PIC = NO;
				GCC_NO_COMMON_BLOCKS = YES;
				GCC_OPTIMIZATION_LEVEL = 0;
				GCC_PREPROCESSOR_DEFINITIONS = (
					"DEBUG=1",
					"$(inherited)",
				);
				GCC_WARN_64_TO_32_BIT_CONVERSION = YES;
				GCC_WARN_ABOUT_RETURN_TYPE = YES_ERROR;
				GCC_WARN_UNDECLARED_SELECTOR = YES;
				GCC_WARN_UNINITIALIZED_AUTOS = YES_AGGRESSIVE;
				GCC_WARN_UNUSED_FUNCTION = YES;
				GCC_WARN_UNUSED_VARIABLE = YES;
				IPHONEOS_DEPLOYMENT_TARGET = 11.1;
				MTL_ENABLE_DEBUG_INFO = YES;
				ONLY_ACTIVE_ARCH = YES;
				SDKROOT = iphoneos;
				SWIFT_ACTIVE_COMPILATION_CONDITIONS = DEBUG;
				SWIFT_OPTIMIZATION_LEVEL = "-Onone";
			};
			name = Debug;
		};
		0491FA071FD03D4E00CF0B56 /* Release */ = {
			isa = XCBuildConfiguration;
			buildSettings = {
				ALWAYS_SEARCH_USER_PATHS = NO;
				CLANG_ANALYZER_NONNULL = YES;
				CLANG_ANALYZER_NUMBER_OBJECT_CONVERSION = YES_AGGRESSIVE;
				CLANG_CXX_LANGUAGE_STANDARD = "gnu++14";
				CLANG_CXX_LIBRARY = "libc++";
				CLANG_ENABLE_MODULES = YES;
				CLANG_ENABLE_OBJC_ARC = YES;
				CLANG_WARN_BLOCK_CAPTURE_AUTORELEASING = YES;
				CLANG_WARN_BOOL_CONVERSION = YES;
				CLANG_WARN_COMMA = YES;
				CLANG_WARN_CONSTANT_CONVERSION = YES;
				CLANG_WARN_DIRECT_OBJC_ISA_USAGE = YES_ERROR;
				CLANG_WARN_DOCUMENTATION_COMMENTS = YES;
				CLANG_WARN_EMPTY_BODY = YES;
				CLANG_WARN_ENUM_CONVERSION = YES;
				CLANG_WARN_INFINITE_RECURSION = YES;
				CLANG_WARN_INT_CONVERSION = YES;
				CLANG_WARN_NON_LITERAL_NULL_CONVERSION = YES;
				CLANG_WARN_OBJC_LITERAL_CONVERSION = YES;
				CLANG_WARN_OBJC_ROOT_CLASS = YES_ERROR;
				CLANG_WARN_RANGE_LOOP_ANALYSIS = YES;
				CLANG_WARN_STRICT_PROTOTYPES = YES;
				CLANG_WARN_SUSPICIOUS_MOVE = YES;
				CLANG_WARN_UNGUARDED_AVAILABILITY = YES_AGGRESSIVE;
				CLANG_WARN_UNREACHABLE_CODE = YES;
				CLANG_WARN__DUPLICATE_METHOD_MATCH = YES;
				CODE_SIGN_IDENTITY = "iPhone Developer";
				COPY_PHASE_STRIP = NO;
				DEBUG_INFORMATION_FORMAT = "dwarf-with-dsym";
				ENABLE_NS_ASSERTIONS = NO;
				ENABLE_STRICT_OBJC_MSGSEND = YES;
				GCC_C_LANGUAGE_STANDARD = gnu11;
				GCC_NO_COMMON_BLOCKS = YES;
				GCC_WARN_64_TO_32_BIT_CONVERSION = YES;
				GCC_WARN_ABOUT_RETURN_TYPE = YES_ERROR;
				GCC_WARN_UNDECLARED_SELECTOR = YES;
				GCC_WARN_UNINITIALIZED_AUTOS = YES_AGGRESSIVE;
				GCC_WARN_UNUSED_FUNCTION = YES;
				GCC_WARN_UNUSED_VARIABLE = YES;
				IPHONEOS_DEPLOYMENT_TARGET = 11.1;
				MTL_ENABLE_DEBUG_INFO = NO;
				SDKROOT = iphoneos;
				SWIFT_OPTIMIZATION_LEVEL = "-Owholemodule";
				VALIDATE_PRODUCT = YES;
			};
			name = Release;
		};
		0491FA091FD03D4E00CF0B56 /* Debug */ = {
			isa = XCBuildConfiguration;
			buildSettings = {
				ASSETCATALOG_COMPILER_APPICON_NAME = AppIcon;
				CODE_SIGN_STYLE = Automatic;
				DEVELOPMENT_TEAM = EN6B6372PE;
				INFOPLIST_FILE = CBPolygonView/Info.plist;
				LD_RUNPATH_SEARCH_PATHS = "$(inherited) @executable_path/Frameworks";
				PRODUCT_BUNDLE_IDENTIFIER = com.chenbiao.CBPolygonView;
				PRODUCT_NAME = "$(TARGET_NAME)";
				SWIFT_VERSION = 4.0;
				TARGETED_DEVICE_FAMILY = "1,2";
			};
			name = Debug;
		};
		0491FA0A1FD03D4E00CF0B56 /* Release */ = {
			isa = XCBuildConfiguration;
			buildSettings = {
				ASSETCATALOG_COMPILER_APPICON_NAME = AppIcon;
				CODE_SIGN_STYLE = Automatic;
				DEVELOPMENT_TEAM = EN6B6372PE;
				INFOPLIST_FILE = CBPolygonView/Info.plist;
				LD_RUNPATH_SEARCH_PATHS = "$(inherited) @executable_path/Frameworks";
				PRODUCT_BUNDLE_IDENTIFIER = com.chenbiao.CBPolygonView;
				PRODUCT_NAME = "$(TARGET_NAME)";
				SWIFT_VERSION = 4.0;
				TARGETED_DEVICE_FAMILY = "1,2";
			};
			name = Release;
		};
/* End XCBuildConfiguration section */

/* Begin XCConfigurationList section */
		0491F9EE1FD03D4E00CF0B56 /* Build configuration list for PBXProject "CBPolygonView" */ = {
			isa = XCConfigurationList;
			buildConfigurations = (
				0491FA061FD03D4E00CF0B56 /* Debug */,
				0491FA071FD03D4E00CF0B56 /* Release */,
			);
			defaultConfigurationIsVisible = 0;
			defaultConfigurationName = Release;
		};
		0491FA081FD03D4E00CF0B56 /* Build configuration list for PBXNativeTarget "CBPolygonView" */ = {
			isa = XCConfigurationList;
			buildConfigurations = (
				0491FA091FD03D4E00CF0B56 /* Debug */,
				0491FA0A1FD03D4E00CF0B56 /* Release */,
			);
			defaultConfigurationIsVisible = 0;
			defaultConfigurationName = Release;
		};
/* End XCConfigurationList section */

/* Begin XCVersionGroup section */
		0491F9FD1FD03D4E00CF0B56 /* CBPolygonView.xcdatamodeld */ = {
			isa = XCVersionGroup;
			children = (
				0491F9FE1FD03D4E00CF0B56 /* CBPolygonView.xcdatamodel */,
			);
			currentVersion = 0491F9FE1FD03D4E00CF0B56 /* CBPolygonView.xcdatamodel */;
			path = CBPolygonView.xcdatamodeld;
			sourceTree = "<group>";
			versionGroupType = wrapper.xcdatamodel;
		};
/* End XCVersionGroup section */
	};
	rootObject = 0491F9EB1FD03D4E00CF0B56 /* Project object */;
}
